filippo.io/edwards25519 v1.2.0 h1:crnVqOiS4jqYleHd9vaKZ+HKtHfllngJIiOpNpoJsjo=
filippo.io/edwards25519 v1.2.0/go.mod h1:xzAOLCNug/yB62zG1bQ8uziwrIqIuxhctzJT18Q77mc=
github.com/fxamacker/cbor/v2 v2.9.2 h1:X4Ksno9+x3cz0TZv69ec1hxP/+tymuR8PXQJyDwfh78=
github.com/fxamacker/cbor/v2 v2.9.2/go.mod h1:vM4b+DJCtHn+zz7h3FFp/hDAI9WNWCsZj23V5ytsSxQ=
github.com/google/go-cmp v0.7.0 h1:wk8382ETsv4JYUZwIsn6YpYiWiBsYLSJiTsyBybVuN8=
github.com/google/go-cmp v0.7.0/go.mod h1:pXiqmnSA92OHEEa9HXL2W4E7lf9JzCmGVUdgjX3N/iU=
github.com/pierrec/lz4/v4 v4.1.27 h1:+PhzhWDrjRj89TH2sw43nE3+4+W8lSxIuQadEHZyjUk=
github.com/pierrec/lz4/v4 v4.1.27/go.mod h1:EoQMVJgeeEOMsCqCzqFm2O0cJvljX2nGZjcRIPL34O4=
github.com/tosnetwork/tos-service-protocol v0.0.0-20260820090236-2a06d05b29db h1:mY8J+W3+nslO6VbtgAgoQIyWEEc7SuuhlQQyb1WMu8w=
github.com/tosnetwork/tos-service-protocol v0.0.0-20260820090236-2a06d05b29db/go.mod h1:CRRhzdu1Qg3ZhGWiw+QkSaZxBz21E+GqGU5hTZabOMs=
github.com/tosnetwork/tosutils-go v1.18.2-0.20260820143526-4d1a10d94bef h1:P+zHw4vfeKoRdLgjEmLFnkZOu4MleU9X22hHEX6l/F8=
github.com/tosnetwork/tosutils-go v1.18.2-0.20260820143526-4d1a10d94bef/go.mod h1:HtytU2Ya/EII8lswkqK30qgQePIHS1k7XDMxll3d9CQ=
github.com/x448/float16 v0.8.4 h1:qLwI1I70+NjRFUR3zs1JPUCgaCXSh3SW62uAKT1mSBM=
github.com/x448/float16 v0.8.4/go.mod h1:14CWIYCyZA/cWjXOioeEpHeN/83MdbZDRQHoFcYsOfg=
github.com/xssnick/raptorq v1.5.0 h1:sNtaD0JTO7rzTOIvITeFAz5Rla/to/gw5MKAy9DD1Mk=
github.com/xssnick/raptorq v1.5.0/go.mod h1:mo5n6T4yaqZkNVMWonRuMS0tcyD4XQ6PwwTjaY3ZwQY=
golang.org/x/sys v0.46.0 h1:noSf2Fq6F8DBgS+LysIkx7rIExoNHJsxOAtPp4rthXw=
golang.org/x/sys v0.46.0/go.mod h1:4GL1E5IUh+htKOUEOaiffhrAeqysfVGipDYzABqnCmw=
google.golang.org/protobuf v1.36.11 h1:fV6ZwhNocDyBLK0dj+fg8ektcVegBBuEolpbTQyBNVE=
google.golang.org/protobuf v1.36.11/go.mod h1:HTf+CrKn2C3g5S8VImy6tdcUvCska2kB7j23XfzDpco=
